{
  "version": 4,
  "terraform_version": "1.4.2",
  "serial": 4,
  "lineage": "ba839b67-b070-aa21-c5b6-cbcbac504c93",
  "outputs": {
    "agent": {
      "value": {
        "created_at": "2fc87894-dc9a-4792-a6b8-8b09277bc297",
        "description": "This agent restores objects from Reduced Redundancy.",
        "environment_variables": {
          "KUBIYA_DEBUG": "1",
          "KUBIYA_TOOL_CONFIG_URLS": "https://github.com/verana-health/kubi-tools",
          "KUBIYA_TOOL_TIMEOUT": "5m",
          "LOG_LEVEL": "INFO"
        },
        "groups": [
          "Admin"
        ],
        "id": "8bbde005-6217-4f75-b7ad-11a8bc02da46",
        "image": "kubiya/base-agent:tools-v5",
        "instructions": "You are an intelligent agent that can assist with restoring objects from Reduced Redundancy storage class to Standard storage class.\n\n** You have access only to the commands you see on this prompt **\n",
        "integrations": [
          "Sandbox",
          "slack"
        ],
        "is_debug_mode": false,
        "links": [],
        "model": "azure/gpt-4o",
        "name": "RestoringTest",
        "owner": null,
        "runner": "vh-eks-sandbox",
        "secrets": [],
        "starters": null,
        "tasks": null,
        "tool_sources": [
          "https://github.com/verana-health/kubi-tools"
        ],
        "users": []
      },
      "type": [
        "object",
        {
          "created_at": "string",
          "description": "string",
          "environment_variables": [
            "map",
            "string"
          ],
          "groups": [
            "list",
            "string"
          ],
          "id": "string",
          "image": "string",
          "instructions": "string",
          "integrations": [
            "list",
            "string"
          ],
          "is_debug_mode": "bool",
          "links": [
            "list",
            "string"
          ],
          "model": "string",
          "name": "string",
          "owner": "string",
          "runner": "string",
          "secrets": [
            "list",
            "string"
          ],
          "starters": [
            "list",
            [
              "object",
              {
                "command": "string",
                "name": "string"
              }
            ]
          ],
          "tasks": [
            "list",
            [
              "object",
              {
                "description": "string",
                "name": "string",
                "prompt": "string"
              }
            ]
          ],
          "tool_sources": [
            "list",
            "string"
          ],
          "users": [
            "list",
            "string"
          ]
        }
      ]
    }
  },
  "resources": [
    {
      "mode": "managed",
      "type": "kubiya_agent",
      "name": "agent",
      "provider": "provider[\"registry.terraform.io/kubiya-terraform/kubiya\"]",
      "instances": [
        {
          "schema_version": 0,
          "attributes": {
            "created_at": "2fc87894-dc9a-4792-a6b8-8b09277bc297",
            "description": "This agent restores objects from Reduced Redundancy.",
            "environment_variables": {
              "KUBIYA_DEBUG": "1",
              "KUBIYA_TOOL_CONFIG_URLS": "https://github.com/verana-health/kubi-tools",
              "KUBIYA_TOOL_TIMEOUT": "5m",
              "LOG_LEVEL": "INFO"
            },
            "groups": [
              "Admin"
            ],
            "id": "8bbde005-6217-4f75-b7ad-11a8bc02da46",
            "image": "kubiya/base-agent:tools-v5",
            "instructions": "You are an intelligent agent that can assist with restoring objects from Reduced Redundancy storage class to Standard storage class.\n\n** You have access only to the commands you see on this prompt **\n",
            "integrations": [
              "Sandbox",
              "slack"
            ],
            "is_debug_mode": false,
            "links": [],
            "model": "azure/gpt-4o",
            "name": "RestoringTest",
            "owner": null,
            "runner": "vh-eks-sandbox",
            "secrets": [],
            "starters": null,
            "tasks": null,
            "tool_sources": [
              "https://github.com/verana-health/kubi-tools"
            ],
            "users": []
          },
          "sensitive_attributes": []
        }
      ]
    }
  ],
  "check_results": null
}
