{
  "version": 4,
  "terraform_version": "1.4.2",
  "serial": 3,
  "lineage": "0fb03136-bda1-e24e-8069-8610bc737076",
  "outputs": {},
  "resources": [
    {
      "mode": "managed",
      "type": "kubiya_agent",
      "name": "agent",
      "provider": "provider[\"registry.terraform.io/kubiya-terraform/kubiya\"]",
      "instances": [
        {
          "status": "tainted",
          "schema_version": 0,
          "attributes": {
            "created_at": "4085b2d6-c886-4af5-9de4-e00cb612385e",
            "description": "This agent restores objects from Reduced Redundancy.",
            "environment_variables": {
              "KUBIYA_DEBUG": "1",
              "KUBIYA_TOOL_CONFIG_URLS": "https://github.com/kubiya-solutions-engineering/publictooldef",
              "KUBIYA_TOOL_TIMEOUT": "5m",
              "LOG_LEVEL": "INFO"
            },
            "groups": [
              "Admin"
            ],
            "id": "464d0bf6-baeb-4834-8a1d-87ac21c18a1a",
            "image": "kubiya/base-agent:tools-v5",
            "instructions": "You are an intelligent agent that can assist with restoring objects from Reduced Redundancy storage class to Standard storage class.\n\n** You have access only to the commands you see on this prompt **\n",
            "integrations": [
              "kubiyamichaelg",
              "slack"
            ],
            "is_debug_mode": false,
            "links": [],
            "model": "azure/gpt-4o",
            "name": "RestoreTest",
            "owner": "kubiyamg@gmail.com",
            "runner": "aks-mg",
            "secrets": [
              "TOOLS_GH_TOKEN"
            ],
            "starters": null,
            "tasks": null,
            "tool_sources": [
              "https://github.com/kubiya-solutions-engineering/publictooldef"
            ],
            "users": []
          },
          "sensitive_attributes": []
        }
      ]
    }
  ],
  "check_results": null
}
